// !$*UTF8*$!
{
	archiveVersion = 1;
	classes = {
	};
	objectVersion = 50;
	objects = {

/* Begin PBXBuildFile section */
		554281C922091404004941F1 /* AppDelegate.swift in Sources */ = {isa = PBXBuildFile; fileRef = 554281C822091404004941F1 /* AppDelegate.swift */; };
		554281CB22091404004941F1 /* ViewController.swift in Sources */ = {isa = PBXBuildFile; fileRef = 554281CA22091404004941F1 /* ViewController.swift */; };
		554281CE22091404004941F1 /* Main.storyboard in Resources */ = {isa = PBXBuildFile; fileRef = 554281CC22091404004941F1 /* Main.storyboard */; };
		554281D022091407004941F1 /* Assets.xcassets in Resources */ = {isa = PBXBuildFile; fileRef = 554281CF22091407004941F1 /* Assets.xcassets */; };
		554281D322091407004941F1 /* LaunchScreen.storyboard in Resources */ = {isa = PBXBuildFile; fileRef = 554281D122091407004941F1 /* LaunchScreen.storyboard */; };
		554281DE22091407004941F1 /* ColorBlindnessTests.swift in Sources */ = {isa = PBXBuildFile; fileRef = 554281DD22091407004941F1 /* ColorBlindnessTests.swift */; };
		554281E922091407004941F1 /* ColorBlindnessUITests.swift in Sources */ = {isa = PBXBuildFile; fileRef = 554281E822091407004941F1 /* ColorBlindnessUITests.swift */; };
/* End PBXBuildFile section */

/* Begin PBXContainerItemProxy section */
		554281DA22091407004941F1 /* PBXContainerItemProxy */ = {
			isa = PBXContainerItemProxy;
			containerPortal = 554281BD22091404004941F1 /* Project object */;
			proxyType = 1;
			remoteGlobalIDString = 554281C422091404004941F1;
			remoteInfo = ColorBlindness;
		};
		554281E522091407004941F1 /* PBXContainerItemProxy */ = {
			isa = PBXContainerItemProxy;
			containerPortal = 554281BD22091404004941F1 /* Project object */;
			proxyType = 1;
			remoteGlobalIDString = 554281C422091404004941F1;
			remoteInfo = ColorBlindness;
		};
/* End PBXContainerItemProxy section */

/* Begin PBXFileReference section */
		554281C522091404004941F1 /* ColorBlindness.app */ = {isa = PBXFileReference; explicitFileType = wrapper.application; includeInIndex = 0; path = ColorBlindness.app; sourceTree = BUILT_PRODUCTS_DIR; };
		554281C822091404004941F1 /* AppDelegate.swift */ = {isa = PBXFileReference; lastKnownFileType = sourcecode.swift; path = AppDelegate.swift; sourceTree = "<group>"; };
		554281CA22091404004941F1 /* ViewController.swift */ = {isa = PBXFileReference; lastKnownFileType = sourcecode.swift; path = ViewController.swift; sourceTree = "<group>"; };
		554281CD22091404004941F1 /* Base */ = {isa = PBXFileReference; lastKnownFileType = file.storyboard; name = Base; path = Base.lproj/Main.storyboard; sourceTree = "<group>"; };
		554281CF22091407004941F1 /* Assets.xcassets */ = {isa = PBXFileReference; lastKnownFileType = folder.assetcatalog; path = Assets.xcassets; sourceTree = "<group>"; };
		554281D222091407004941F1 /* Base */ = {isa = PBXFileReference; lastKnownFileType = file.storyboard; name = Base; path = Base.lproj/LaunchScreen.storyboard; sourceTree = "<group>"; };
		554281D422091407004941F1 /* Info.plist */ = {isa = PBXFileReference; lastKnownFileType = text.plist.xml; path = Info.plist; sourceTree = "<group>"; };
		554281D922091407004941F1 /* ColorBlindnessTests.xctest */ = {isa = PBXFileReference; explicitFileType = wrapper.cfbundle; includeInIndex = 0; path = ColorBlindnessTests.xctest; sourceTree = BUILT_PRODUCTS_DIR; };
		554281DD22091407004941F1 /* ColorBlindnessTests.swift */ = {isa = PBXFileReference; lastKnownFileType = sourcecode.swift; path = ColorBlindnessTests.swift; sourceTree = "<group>"; };
		554281DF22091407004941F1 /* Info.plist */ = {isa = PBXFileReference; lastKnownFileType = text.plist.xml; path = Info.plist; sourceTree = "<group>"; };
		554281E422091407004941F1 /* ColorBlindnessUITests.xctest */ = {isa = PBXFileReference; explicitFileType = wrapper.cfbundle; includeInIndex = 0; path = ColorBlindnessUITests.xctest; sourceTree = BUILT_PRODUCTS_DIR; };
		554281E822091407004941F1 /* ColorBlindnessUITests.swift */ = {isa = PBXFileReference; lastKnownFileType = sourcecode.swift; path = ColorBlindnessUITests.swift; sourceTree = "<group>"; };
		554281EA22091407004941F1 /* Info.plist */ = {isa = PBXFileReference; lastKnownFileType = text.plist.xml; path = Info.plist; sourceTree = "<group>"; };
/* End PBXFileReference section */

/* Begin PBXFrameworksBuildPhase section */
		554281C222091404004941F1 /* Frameworks */ = {
			isa = PBXFrameworksBuildPhase;
			buildActionMask = 2147483647;
			files = (
			);
			runOnlyForDeploymentPostprocessing = 0;
		};
		554281D622091407004941F1 /* Frameworks */ = {
			isa = PBXFrameworksBuildPhase;
			buildActionMask = 2147483647;
			files = (
			);
			runOnlyForDeploymentPostprocessing = 0;
		};
		554281E122091407004941F1 /* Frameworks */ = {
			isa = PBXFrameworksBuildPhase;
			buildActionMask = 2147483647;
			files = (
			);
			runOnlyForDeploymentPostprocessing = 0;
		};
/* End PBXFrameworksBuildPhase section */

/* Begin PBXGroup section */
		554281BC22091404004941F1 = {
			isa = PBXGroup;
			children = (
				554281C722091404004941F1 /* ColorBlindness */,
				554281DC22091407004941F1 /* ColorBlindnessTests */,
				554281E722091407004941F1 /* ColorBlindnessUITests */,
				554281C622091404004941F1 /* Products */,
			);
			sourceTree = "<group>";
		};
		554281C622091404004941F1 /* Products */ = {
			isa = PBXGroup;
			children = (
				554281C522091404004941F1 /* ColorBlindness.app */,
				554281D922091407004941F1 /* ColorBlindnessTests.xctest */,
				554281E422091407004941F1 /* ColorBlindnessUITests.xctest */,
			);
			name = Products;
			sourceTree = "<group>";
		};
		554281C722091404004941F1 /* ColorBlindness */ = {
			isa = PBXGroup;
			children = (
				554281C822091404004941F1 /* AppDelegate.swift */,
				554281CA22091404004941F1 /* ViewController.swift */,
				554281CC22091404004941F1 /* Main.storyboard */,
				554281CF22091407004941F1 /* Assets.xcassets */,
				554281D122091407004941F1 /* LaunchScreen.storyboard */,
				554281D422091407004941F1 /* Info.plist */,
			);
			path = ColorBlindness;
			sourceTree = "<group>";
		};
		554281DC22091407004941F1 /* ColorBlindnessTests */ = {
			isa = PBXGroup;
			children = (
				554281DD22091407004941F1 /* ColorBlindnessTests.swift */,
				554281DF22091407004941F1 /* Info.plist */,
			);
			path = ColorBlindnessTests;
			sourceTree = "<group>";
		};
		554281E722091407004941F1 /* ColorBlindnessUITests */ = {
			isa = PBXGroup;
			children = (
				554281E822091407004941F1 /* ColorBlindnessUITests.swift */,
				554281EA22091407004941F1 /* Info.plist */,
			);
			path = ColorBlindnessUITests;
			sourceTree = "<group>";
		};
/* End PBXGroup section */

/* Begin PBXNativeTarget section */
		554281C422091404004941F1 /* ColorBlindness */ = {
			isa = PBXNativeTarget;
			buildConfigurationList = 554281ED22091407004941F1 /* Build configuration list for PBXNativeTarget "ColorBlindness" */;
			buildPhases = (
				554281C122091404004941F1 /* Sources */,
				554281C222091404004941F1 /* Frameworks */,
				554281C322091404004941F1 /* Resources */,
			);
			buildRules = (
			);
			dependencies = (
			);
			name = ColorBlindness;
			productName = ColorBlindness;
			productReference = 554281C522091404004941F1 /* ColorBlindness.app */;
			productType = "com.apple.product-type.application";
		};
		554281D822091407004941F1 /* ColorBlindnessTests */ = {
			isa = PBXNativeTarget;
			buildConfigurationList = 554281F022091407004941F1 /* Build configuration list for PBXNativeTarget "ColorBlindnessTests" */;
			buildPhases = (
				554281D522091407004941F1 /* Sources */,
				554281D622091407004941F1 /* Frameworks */,
				554281D722091407004941F1 /* Resources */,
			);
			buildRules = (
			);
			dependencies = (
				554281DB22091407004941F1 /* PBXTargetDependency */,
			);
			name = ColorBlindnessTests;
			productName = ColorBlindnessTests;
			productReference = 554281D922091407004941F1 /* ColorBlindnessTests.xctest */;
			productType = "com.apple.product-type.bundle.unit-test";
		};
		554281E322091407004941F1 /* ColorBlindnessUITests */ = {
			isa = PBXNativeTarget;
			buildConfigurationList = 554281F322091407004941F1 /* Build configuration list for PBXNativeTarget "ColorBlindnessUITests" */;
			buildPhases = (
				554281E022091407004941F1 /* Sources */,
				554281E122091407004941F1 /* Frameworks */,
				554281E222091407004941F1 /* Resources */,
			);
			buildRules = (
			);
			dependencies = (
				554281E622091407004941F1 /* PBXTargetDependency */,
			);
			name = ColorBlindnessUITests;
			productName = ColorBlindnessUITests;
			productReference = 554281E422091407004941F1 /* ColorBlindnessUITests.xctest */;
			productType = "com.apple.product-type.bundle.ui-testing";
		};
/* End PBXNativeTarget section */

/* Begin PBXProject section */
		554281BD22091404004941F1 /* Project object */ = {
			isa = PBXProject;
			attributes = {
				LastSwiftUpdateCheck = 1010;
				LastUpgradeCheck = 1010;
				ORGANIZATIONNAME = osabogal10;
				TargetAttributes = {
					554281C422091404004941F1 = {
						CreatedOnToolsVersion = 10.1;
					};
					554281D822091407004941F1 = {
						CreatedOnToolsVersion = 10.1;
						TestTargetID = 554281C422091404004941F1;
					};
					554281E322091407004941F1 = {
						CreatedOnToolsVersion = 10.1;
						TestTargetID = 554281C422091404004941F1;
					};
				};
			};
			buildConfigurationList = 554281C022091404004941F1 /* Build configuration list for PBXProject "ColorBlindness" */;
			compatibilityVersion = "Xcode 9.3";
			developmentRegion = en;
			hasScannedForEncodings = 0;
			knownRegions = (
				en,
				Base,
			);
			mainGroup = 554281BC22091404004941F1;
			productRefGroup = 554281C622091404004941F1 /* Products */;
			projectDirPath = "";
			projectRoot = "";
			targets = (
				554281C422091404004941F1 /* ColorBlindness */,
				554281D822091407004941F1 /* ColorBlindnessTests */,
				554281E322091407004941F1 /* ColorBlindnessUITests */,
			);
		};
/* End PBXProject section */

/* Begin PBXResourcesBuildPhase section */
		554281C322091404004941F1 /* Resources */ = {
			isa = PBXResourcesBuildPhase;
			buildActionMask = 2147483647;
			files = (
				554281D322091407004941F1 /* LaunchScreen.storyboard in Resources */,
				554281D022091407004941F1 /* Assets.xcassets in Resources */,
				554281CE22091404004941F1 /* Main.storyboard in Resources */,
			);
			runOnlyForDeploymentPostprocessing = 0;
		};
		554281D722091407004941F1 /* Resources */ = {
			isa = PBXResourcesBuildPhase;
			buildActionMask = 2147483647;
			files = (
			);
			runOnlyForDeploymentPostprocessing = 0;
		};
		554281E222091407004941F1 /* Resources */ = {
			isa = PBXResourcesBuildPhase;
			buildActionMask = 2147483647;
			files = (
			);
			runOnlyForDeploymentPostprocessing = 0;
		};
/* End PBXResourcesBuildPhase section */

/* Begin PBXSourcesBuildPhase section */
		554281C122091404004941F1 /* Sources */ = {
			isa = PBXSourcesBuildPhase;
			buildActionMask = 2147483647;
			files = (
				554281CB22091404004941F1 /* ViewController.swift in Sources */,
				554281C922091404004941F1 /* AppDelegate.swift in Sources */,
			);
			runOnlyForDeploymentPostprocessing = 0;
		};
		554281D522091407004941F1 /* Sources */ = {
			isa = PBXSourcesBuildPhase;
			buildActionMask = 2147483647;
			files = (
				554281DE22091407004941F1 /* ColorBlindnessTests.swift in Sources */,
			);
			runOnlyForDeploymentPostprocessing = 0;
		};
		554281E022091407004941F1 /* Sources */ = {
			isa = PBXSourcesBuildPhase;
			buildActionMask = 2147483647;
			files = (
				554281E922091407004941F1 /* ColorBlindnessUITests.swift in Sources */,
			);
			runOnlyForDeploymentPostprocessing = 0;
		};
/* End PBXSourcesBuildPhase section */

/* Begin PBXTargetDependency section */
		554281DB22091407004941F1 /* PBXTargetDependency */ = {
			isa = PBXTargetDependency;
			target = 554281C422091404004941F1 /* ColorBlindness */;
			targetProxy = 554281DA22091407004941F1 /* PBXContainerItemProxy */;
		};
		554281E622091407004941F1 /* PBXTargetDependency */ = {
			isa = PBXTargetDependency;
			target = 554281C422091404004941F1 /* ColorBlindness */;
			targetProxy = 554281E522091407004941F1 /* PBXContainerItemProxy */;
		};
/* End PBXTargetDependency section */

/* Begin PBXVariantGroup section */
		554281CC22091404004941F1 /* Main.storyboard */ = {
			isa = PBXVariantGroup;
			children = (
				554281CD22091404004941F1 /* Base */,
			);
			name = Main.storyboard;
			sourceTree = "<group>";
		};
		554281D122091407004941F1 /* LaunchScreen.storyboard */ = {
			isa = PBXVariantGroup;
			children = (
				554281D222091407004941F1 /* Base */,
			);
			name = LaunchScreen.storyboard;
			sourceTree = "<group>";
		};
/* End PBXVariantGroup section */

/* Begin XCBuildConfiguration section */
		554281EB22091407004941F1 /* Debug */ = {
			isa = XCBuildConfiguration;
			buildSettings = {
				ALWAYS_SEARCH_USER_PATHS = NO;
				CLANG_ANALYZER_NONNULL = YES;
				CLANG_ANALYZER_NUMBER_OBJECT_CONVERSION = YES_AGGRESSIVE;
				CLANG_CXX_LANGUAGE_STANDARD = "gnu++14";
				CLANG_CXX_LIBRARY = "libc++";
				CLANG_ENABLE_MODULES = YES;
				CLANG_ENABLE_OBJC_ARC = YES;
				CLANG_ENABLE_OBJC_WEAK = YES;
				CLANG_WARN_BLOCK_CAPTURE_AUTORELEASING = YES;
				CLANG_WARN_BOOL_CONVERSION = YES;
				CLANG_WARN_COMMA = YES;
				CLANG_WARN_CONSTANT_CONVERSION = YES;
				CLANG_WARN_DEPRECATED_OBJC_IMPLEMENTATIONS = YES;
				CLANG_WARN_DIRECT_OBJC_ISA_USAGE = YES_ERROR;
				CLANG_WARN_DOCUMENTATION_COMMENTS = YES;
				CLANG_WARN_EMPTY_BODY = YES;
				CLANG_WARN_ENUM_CONVERSION = YES;
				CLANG_WARN_INFINITE_RECURSION = YES;
				CLANG_WARN_INT_CONVERSION = YES;
				CLANG_WARN_NON_LITERAL_NULL_CONVERSION = YES;
				CLANG_WARN_OBJC_IMPLICIT_RETAIN_SELF = YES;
				CLANG_WARN_OBJC_LITERAL_CONVERSION = YES;
				CLANG_WARN_OBJC_ROOT_CLASS = YES_ERROR;
				CLANG_WARN_RANGE_LOOP_ANALYSIS = YES;
				CLANG_WARN_STRICT_PROTOTYPES = YES;
				CLANG_WARN_SUSPICIOUS_MOVE = YES;
				CLANG_WARN_UNGUARDED_AVAILABILITY = YES_AGGRESSIVE;
				CLANG_WARN_UNREACHABLE_CODE = YES;
				CLANG_WARN__DUPLICATE_METHOD_MATCH = YES;
				CODE_SIGN_IDENTITY = "iPhone Developer";
				COPY_PHASE_STRIP = NO;
				DEBUG_INFORMATION_FORMAT = dwarf;
				ENABLE_STRICT_OBJC_MSGSEND = YES;
				ENABLE_TESTABILITY = YES;
				GCC_C_LANGUAGE_STANDARD = gnu11;
				GCC_DYNAMIC_NO_PIC = NO;
				GCC_NO_COMMON_BLOCKS = YES;
				GCC_OPTIMIZATION_LEVEL = 0;
				GCC_PREPROCESSOR_DEFINITIONS = (
					"DEBUG=1",
					"$(inherited)",
				);
				GCC_WARN_64_TO_32_BIT_CONVERSION = YES;
				GCC_WARN_ABOUT_RETURN_TYPE = YES_ERROR;
				GCC_WARN_UNDECLARED_SELECTOR = YES;
				GCC_WARN_UNINITIALIZED_AUTOS = YES_AGGRESSIVE;
				GCC_WARN_UNUSED_FUNCTION = YES;
				GCC_WARN_UNUSED_VARIABLE = YES;
				IPHONEOS_DEPLOYMENT_TARGET = 12.1;
				MTL_ENABLE_DEBUG_INFO = INCLUDE_SOURCE;
				MTL_FAST_MATH = YES;
				ONLY_ACTIVE_ARCH = YES;
				SDKROOT = iphoneos;
				SWIFT_ACTIVE_COMPILATION_CONDITIONS = DEBUG;
				SWIFT_OPTIMIZATION_LEVEL = "-Onone";
			};
			name = Debug;
		};
		554281EC22091407004941F1 /* Release */ = {
			isa = XCBuildConfiguration;
			buildSettings = {
				ALWAYS_SEARCH_USER_PATHS = NO;
				CLANG_ANALYZER_NONNULL = YES;
				CLANG_ANALYZER_NUMBER_OBJECT_CONVERSION = YES_AGGRESSIVE;
				CLANG_CXX_LANGUAGE_STANDARD = "gnu++14";
				CLANG_CXX_LIBRARY = "libc++";
				CLANG_ENABLE_MODULES = YES;
				CLANG_ENABLE_OBJC_ARC = YES;
				CLANG_ENABLE_OBJC_WEAK = YES;
				CLANG_WARN_BLOCK_CAPTURE_AUTORELEASING = YES;
				CLANG_WARN_BOOL_CONVERSION = YES;
				CLANG_WARN_COMMA = YES;
				CLANG_WARN_CONSTANT_CONVERSION = YES;
				CLANG_WARN_DEPRECATED_OBJC_IMPLEMENTATIONS = YES;
				CLANG_WARN_DIRECT_OBJC_ISA_USAGE = YES_ERROR;
				CLANG_WARN_DOCUMENTATION_COMMENTS = YES;
				CLANG_WARN_EMPTY_BODY = YES;
				CLANG_WARN_ENUM_CONVERSION = YES;
				CLANG_WARN_INFINITE_RECURSION = YES;
				CLANG_WARN_INT_CONVERSION = YES;
				CLANG_WARN_NON_LITERAL_NULL_CONVERSION = YES;
				CLANG_WARN_OBJC_IMPLICIT_RETAIN_SELF = YES;
				CLANG_WARN_OBJC_LITERAL_CONVERSION = YES;
				CLANG_WARN_OBJC_ROOT_CLASS = YES_ERROR;
				CLANG_WARN_RANGE_LOOP_ANALYSIS = YES;
				CLANG_WARN_STRICT_PROTOTYPES = YES;
				CLANG_WARN_SUSPICIOUS_MOVE = YES;
				CLANG_WARN_UNGUARDED_AVAILABILITY = YES_AGGRESSIVE;
				CLANG_WARN_UNREACHABLE_CODE = YES;
				CLANG_WARN__DUPLICATE_METHOD_MATCH = YES;
				CODE_SIGN_IDENTITY = "iPhone Developer";
				COPY_PHASE_STRIP = NO;
				DEBUG_INFORMATION_FORMAT = "dwarf-with-dsym";
				ENABLE_NS_ASSERTIONS = NO;
				ENABLE_STRICT_OBJC_MSGSEND = YES;
				GCC_C_LANGUAGE_STANDARD = gnu11;
				GCC_NO_COMMON_BLOCKS = YES;
				GCC_WARN_64_TO_32_BIT_CONVERSION = YES;
				GCC_WARN_ABOUT_RETURN_TYPE = YES_ERROR;
				GCC_WARN_UNDECLARED_SELECTOR = YES;
				GCC_WARN_UNINITIALIZED_AUTOS = YES_AGGRESSIVE;
				GCC_WARN_UNUSED_FUNCTION = YES;
				GCC_WARN_UNUSED_VARIABLE = YES;
				IPHONEOS_DEPLOYMENT_TARGET = 12.1;
				MTL_ENABLE_DEBUG_INFO = NO;
				MTL_FAST_MATH = YES;
				SDKROOT = iphoneos;
				SWIFT_COMPILATION_MODE = wholemodule;
				SWIFT_OPTIMIZATION_LEVEL = "-O";
				VALIDATE_PRODUCT = YES;
			};
			name = Release;
		};
		554281EE22091407004941F1 /* Debug */ = {
			isa = XCBuildConfiguration;
			buildSettings = {
				ASSETCATALOG_COMPILER_APPICON_NAME = AppIcon;
				CODE_SIGN_STYLE = Automatic;
				INFOPLIST_FILE = ColorBlindness/Info.plist;
				LD_RUNPATH_SEARCH_PATHS = (
					"$(inherited)",
					"@executable_path/Frameworks",
				);
				PRODUCT_BUNDLE_IDENTIFIER = com.osabogal.ColorBlindness;
				PRODUCT_NAME = "$(TARGET_NAME)";
				SWIFT_VERSION = 4.2;
				TARGETED_DEVICE_FAMILY = "1,2";
			};
			name = Debug;
		};
		554281EF22091407004941F1 /* Release */ = {
			isa = XCBuildConfiguration;
			buildSettings = {
				ASSETCATALOG_COMPILER_APPICON_NAME = AppIcon;
				CODE_SIGN_STYLE = Automatic;
				INFOPLIST_FILE = ColorBlindness/Info.plist;
				LD_RUNPATH_SEARCH_PATHS = (
					"$(inherited)",
					"@executable_path/Frameworks",
				);
				PRODUCT_BUNDLE_IDENTIFIER = com.osabogal.ColorBlindness;
				PRODUCT_NAME = "$(TARGET_NAME)";
				SWIFT_VERSION = 4.2;
				TARGETED_DEVICE_FAMILY = "1,2";
			};
			name = Release;
		};
		554281F122091407004941F1 /* Debug */ = {
			isa = XCBuildConfiguration;
			buildSettings = {
				ALWAYS_EMBED_SWIFT_STANDARD_LIBRARIES = YES;
				BUNDLE_LOADER = "$(TEST_HOST)";
				CODE_SIGN_STYLE = Automatic;
				INFOPLIST_FILE = ColorBlindnessTests/Info.plist;
				LD_RUNPATH_SEARCH_PATHS = (
					"$(inherited)",
					"@executable_path/Frameworks",
					"@loader_path/Frameworks",
				);
				PRODUCT_BUNDLE_IDENTIFIER = com.osabogal.ColorBlindnessTests;
				PRODUCT_NAME = "$(TARGET_NAME)";
				SWIFT_VERSION = 4.2;
				TARGETED_DEVICE_FAMILY = "1,2";
				TEST_HOST = "$(BUILT_PRODUCTS_DIR)/ColorBlindness.app/ColorBlindness";
			};
			name = Debug;
		};
		554281F222091407004941F1 /* Release */ = {
			isa = XCBuildConfiguration;
			buildSettings = {
				ALWAYS_EMBED_SWIFT_STANDARD_LIBRARIES = YES;
				BUNDLE_LOADER = "$(TEST_HOST)";
				CODE_SIGN_STYLE = Automatic;
				INFOPLIST_FILE = ColorBlindnessTests/Info.plist;
				LD_RUNPATH_SEARCH_PATHS = (
					"$(inherited)",
					"@executable_path/Frameworks",
					"@loader_path/Frameworks",
				);
				PRODUCT_BUNDLE_IDENTIFIER = com.osabogal.ColorBlindnessTests;
				PRODUCT_NAME = "$(TARGET_NAME)";
				SWIFT_VERSION = 4.2;
				TARGETED_DEVICE_FAMILY = "1,2";
				TEST_HOST = "$(BUILT_PRODUCTS_DIR)/ColorBlindness.app/ColorBlindness";
			};
			name = Release;
		};
		554281F422091407004941F1 /* Debug */ = {
			isa = XCBuildConfiguration;
			buildSettings = {
				ALWAYS_EMBED_SWIFT_STANDARD_LIBRARIES = YES;
				CODE_SIGN_STYLE = Automatic;
				INFOPLIST_FILE = ColorBlindnessUITests/Info.plist;
				LD_RUNPATH_SEARCH_PATHS = (
					"$(inherited)",
					"@executable_path/Frameworks",
					"@loader_path/Frameworks",
				);
				PRODUCT_BUNDLE_IDENTIFIER = com.osabogal.ColorBlindnessUITests;
				PRODUCT_NAME = "$(TARGET_NAME)";
				SWIFT_VERSION = 4.2;
				TARGETED_DEVICE_FAMILY = "1,2";
				TEST_TARGET_NAME = ColorBlindness;
			};
			name = Debug;
		};
		554281F522091407004941F1 /* Release */ = {
			isa = XCBuildConfiguration;
			buildSettings = {
				ALWAYS_EMBED_SWIFT_STANDARD_LIBRARIES = YES;
				CODE_SIGN_STYLE = Automatic;
				INFOPLIST_FILE = ColorBlindnessUITests/Info.plist;
				LD_RUNPATH_SEARCH_PATHS = (
					"$(inherited)",
					"@executable_path/Frameworks",
					"@loader_path/Frameworks",
				);
				PRODUCT_BUNDLE_IDENTIFIER = com.osabogal.ColorBlindnessUITests;
				PRODUCT_NAME = "$(TARGET_NAME)";
				SWIFT_VERSION = 4.2;
				TARGETED_DEVICE_FAMILY = "1,2";
				TEST_TARGET_NAME = ColorBlindness;
			};
			name = Release;
		};
/* End XCBuildConfiguration section */

/* Begin XCConfigurationList section */
		554281C022091404004941F1 /* Build configuration list for PBXProject "ColorBlindness" */ = {
			isa = XCConfigurationList;
			buildConfigurations = (
				554281EB22091407004941F1 /* Debug */,
				554281EC22091407004941F1 /* Release */,
			);
			defaultConfigurationIsVisible = 0;
			defaultConfigurationName = Release;
		};
		554281ED22091407004941F1 /* Build configuration list for PBXNativeTarget "ColorBlindness" */ = {
			isa = XCConfigurationList;
			buildConfigurations = (
				554281EE22091407004941F1 /* Debug */,
				554281EF22091407004941F1 /* Release */,
			);
			defaultConfigurationIsVisible = 0;
			defaultConfigurationName = Release;
		};
		554281F022091407004941F1 /* Build configuration list for PBXNativeTarget "ColorBlindnessTests" */ = {
			isa = XCConfigurationList;
			buildConfigurations = (
				554281F122091407004941F1 /* Debug */,
				554281F222091407004941F1 /* Release */,
			);
			defaultConfigurationIsVisible = 0;
			defaultConfigurationName = Release;
		};
		554281F322091407004941F1 /* Build configuration list for PBXNativeTarget "ColorBlindnessUITests" */ = {
			isa = XCConfigurationList;
			buildConfigurations = (
				554281F422091407004941F1 /* Debug */,
				554281F522091407004941F1 /* Release */,
			);
			defaultConfigurationIsVisible = 0;
			defaultConfigurationName = Release;
		};
/* End XCConfigurationList section */
	};
	rootObject = 554281BD22091404004941F1 /* Project object */;
}
